{
    "_meta": {
        "hash": {
            "sha256": "25022901c49a8349623c4f0b04d3aa6e4c1e00058fd64067eb418c74c3359692"
        },
        "pipfile-spec": 6,
        "requires": {},
        "sources": [
            {
                "name": "pypi",
                "url": "https://pypi.python.org/simple",
                "verify_ssl": true
            }
        ]
    },
    "default": {
        "alembic": {
            "hashes": [
                "sha256:0e3b50e96218283ec7443fb661199f5a81f5879f766967a8a2d25e8f9d4e7919"
            ],
            "version": "==0.8.10"
        },
        "apache-airflow": {
            "hashes": [
                "sha256:7565b05fa4d3039a6702fe062d79ff63a1c7f3733053a9cb1535163f76b66fa8"
            ],
            "index": "pypi",
            "version": "==1.9.0"
        },
        "bleach": {
            "hashes": [
                "sha256:38fc8cbebea4e787d8db55d6f324820c7f74362b70db9142c1ac7920452d1a19",
                "sha256:cf567e7ed30ea5e05b31231d88ae170af1c5544758b9d7bebbc20590b7c30b1e"
            ],
            "version": "==2.1.2"
        },
        "certifi": {
            "hashes": [
                "sha256:1a4995114262bffbc2413b159f2a1a480c969de6e6eb13ee966d470af86af59c",
                "sha256:719a74fb9e33b9bd44cc7f3a8d94bc35e4049deebe19ba7d8e108280cfd59830"
            ],
            "version": "==2020.12.5"
        },
        "chardet": {
            "hashes": [
                "sha256:0d6f53a15db4120f2b08c94f11e7d93d2c911ee118b6b30a04ec3ee8310179fa",
                "sha256:f864054d66fd9118f2e67044ac8981a54775ec5b67aed0441892edb553d21da5"
            ],
            "version": "==4.0.0"
        },
        "click": {
            "hashes": [
                "sha256:d2b5255c7c6349bc1bd1e59e08cd12acbbd63ce649f2588755783aa94dfb6b1a",
                "sha256:dacca89f4bfadd5de3d7489b7c8a566eee0d3676333fbb50030263894c38c0dc"
            ],
            "version": "==7.1.2"
        },
        "configparser": {
            "hashes": [
                "sha256:18873eb33d111429143eef0ad334f76abdf9736d5da1219de513d74b0a559674",
                "sha256:561d6a2303a3e9afaafbaa9f459b2a16e5d49f5390954cd4e6ce1a4bfbd8f726",
                "sha256:adaba55d292e94fac7a1080de30ea776139ea48b65db869659e87357f10c55d2"
            ],
            "markers": "python_version < '3'",
            "version": "==3.5.3"
        },
        "contextlib2": {
            "hashes": [
                "sha256:01f490098c18b19d2bd5bb5dc445b2054d2fa97f09a4280ba2c5f3c394c8162e",
                "sha256:3355078a159fbb44ee60ea80abd0d87b80b78c248643b49aa6d94673b413609b"
            ],
            "markers": "python_version < '3'",
            "version": "==0.6.0.post1"
        },
        "croniter": {
            "hashes": [
                "sha256:12ced475dfc107bf7c6c1440af031f34be14cd97bbbfaf0f62221a9c11e86404",
                "sha256:8f573a889ca9379e08c336193435c57c02698c2dd22659cdbe04fee57426d79b"
            ],
            "version": "==0.3.37"
        },
        "dill": {
            "hashes": [
                "sha256:f6d6046f9f9195206063dd0415dff185ad593d6ee8b0e67f12597c0f4df4986f"
            ],
            "version": "==0.2.9"
        },
        "docutils": {
            "hashes": [
                "sha256:0c5b78adfbf7762415433f5515cd5c9e762339e23369dbe8000d84a4bf4ab3af",
                "sha256:c2de3a60e9e7d07be26b7f2b00ca0309c207e06c100f9cc2a94931fc75a478fc"
            ],
            "version": "==0.16"
        },
        "flask": {
            "hashes": [
                "sha256:a4f97abd30d289e548434ef42317a793f58087be1989eab96f2c647470e77000",
                "sha256:b4713f2bfb9ebc2966b8a49903ae0d3984781d5c878591cf2f7b484d28756b0e"
            ],
            "version": "==0.11.1"
        },
        "flask-admin": {
            "hashes": [
                "sha256:88618750e08ceee1ab232a5a9ebcef31275db5db1c0b56db29e014c24c7067a4"
            ],
            "version": "==1.4.1"
        },
        "flask-cache": {
            "hashes": [
                "sha256:90126ca9bc063854ef8ee276e95d38b2b4ec8e45fd77d5751d37971ee27c7ef4"
            ],
            "version": "==0.13.1"
        },
        "flask-login": {
            "hashes": [
                "sha256:83d5f10e5c4f214feed6cc41c212db63a58a15ac32e56df81591bfa0a5cee3e5"
            ],
            "version": "==0.2.11"
        },
        "flask-swagger": {
            "hashes": [
                "sha256:42420efbed1aad86f7ca6bb869df550e09591e1d540ebd3040c197906c0f0be6"
            ],
            "version": "==0.2.13"
        },
        "flask-wtf": {
            "hashes": [
                "sha256:031c255f596dfc2f99f1bf12279cb26c7a61b66716bc90ed855a5b8792aba01d",
                "sha256:a938bfabc450b61e2d76f8b32288b65d0cd43ce33c2de496e1b28152c5d141cf"
            ],
            "version": "==0.14"
        },
        "funcsigs": {
            "hashes": [
                "sha256:1c916dfbb4aad250f2a40e937dcff206da165fa29fa909ee1ea02243f7386019",
                "sha256:2310f9d4a77c284e920ec572dc2525366a107b08d216ff8dbb891d95b6a77563"
            ],
            "version": "==1.0.0"
        },
        "future": {
            "hashes": [
                "sha256:e39ced1ab767b5936646cedba8bcce582398233d6a627067d4c6a454c90cfedb"
            ],
            "version": "==0.16.0"
        },
        "gitdb2": {
            "hashes": [
                "sha256:1b6df1433567a51a4a9c1a5a0de977aa351a405cc56d7d35f3388bad1f630350",
                "sha256:96bbb507d765a7f51eb802554a9cfe194a174582f772e0d89f4e87288c288b7b"
            ],
            "version": "==2.0.6"
        },
        "gitpython": {
            "hashes": [
                "sha256:23b4de99c5fc1564701301cead04e16aa3e47019034668327206d1b52e1e54f7",
                "sha256:838c38d882a97b2fd146dbd4eb9baaf857cb65ebaa64e4c06fca48aaa491e1c6"
            ],
            "version": "==2.1.15"
        },
        "gunicorn": {
            "hashes": [
                "sha256:c3930fe8de6778ab5ea716cab432ae6335fa9f03b3f2c3e02529214c476f4bcb",
                "sha256:f9de24e358b841567063629cd0a656b26792a41e23a24d0dcb40224fc3940081"
            ],
            "version": "==19.10.0"
        },
        "html5lib": {
            "hashes": [
                "sha256:0d78f8fde1c230e99fe37986a60526d7049ed4bf8a9fadbad5f00e22e58e041d",
                "sha256:b2e5b40261e20f354d198eae92afc10d750afb487ed5e50f9c4eaf07c184146f"
            ],
            "version": "==1.1"
        },
        "idna": {
            "hashes": [
                "sha256:b307872f855b18632ce0c21c5e45be78c0ea7ae4c15c828c20788b26921eb3f6",
                "sha256:b97d804b1e9b523befed77c48dacec60e6dcb0b5391d57af6a65a312a90648c0"
            ],
            "version": "==2.10"
        },
        "importlib-metadata": {
            "hashes": [
                "sha256:b8de9eff2b35fb037368f28a7df1df4e6436f578fa74423505b6c6a778d5b5dd",
                "sha256:c2d6341ff566f609e89a2acb2db190e5e1d23d5409d6cc8d2fe34d72443876d4"
            ],
            "markers": "python_version < '3.8'",
            "version": "==2.1.1"
        },
        "itsdangerous": {
            "hashes": [
                "sha256:321b033d07f2a4136d3ec762eac9f16a10ccd60f53c0c91af90217ace7ba1f19",
                "sha256:b12271b2047cb23eeb98c8b5622e2e5c5e9abd9784a153e9d8ef9cb4dd09d749"
            ],
            "version": "==1.1.0"
        },
        "jinja2": {
            "hashes": [
                "sha256:35341f3a97b46327b3ef1eb624aadea87a535b8f50863036e085e7c426ac5891",
                "sha256:3997cf273f1424207c60d5895264f74483fce72702f15a7cd51a8551d43663ca"
            ],
            "version": "==2.8.1"
        },
        "lockfile": {
            "hashes": [
                "sha256:6aed02de03cba24efabcd600b30540140634fc06cfa603822d508d5361e9f799",
                "sha256:6c3cb24f344923d30b2785d5ad75182c8ea7ac1b6171b08657258ec7429d50fa"
            ],
            "version": "==0.12.2"
        },
        "lxml": {
            "hashes": [
                "sha256:0da0a0711b8aa3161cf263ced74f736990952e44f1d0183c5248f16a1dc1f133",
                "sha256:13e5a6373168ffad39facbba98d35a8bdbc6248dbaa61c9c9470c39906c1b8f1",
                "sha256:13ec5a016e588b2e0ec2c46e0091b1b639b0eb6e428c108f0695f2bff1bafae8",
                "sha256:163aefc42424c5ce3a3f9a021d8362445142ab51d4b34face30c9db6c6054687",
                "sha256:1a55955329cc8a406458a7eb112c78290c9bc7e2311750ac1d70314a10246a15",
                "sha256:202a22be99423d269ff11dec7cdf23b6262b3da17854336d4741699c53ca7ea9",
                "sha256:2e779d9da6a3f4f8cd75bb31b5aef9bfdf5dcd415847c4eca8891847108861bc",
                "sha256:372de0c373710c3114b10b20580d880b2e0b71f045092278a63aa15412336a7f",
                "sha256:3ae6d795aaef0d724e533e0383fe8877e6a25f8b22b3d61dd06b53ce12186165",
                "sha256:420e91c29fb6c3f920a4d7b74864721f57cfc5ebe4bef980a2de268de3805f10",
                "sha256:50bd89e62f730614beb7ac85c78d948c470a1bfff4728ff67a178fda7e3c5192",
                "sha256:52c4bf8871a1e91958a0cb9ec30dbc268298efd0e59660ceebc8277d61b36be2",
                "sha256:54325c7eae22211c0a577b2ca4f10f47b4d352aaff468909209af543a57eb08e",
                "sha256:548ed7232a56b2ab7df3330de8a283bf937d4878dd4ddb57068849f06cb15a2c",
                "sha256:5c321ab3b310f0342f5369be7279fcfc0366eb8c8b47bd8fa31b1a3c063b6586",
                "sha256:5c4ad32804abf0d872776f44bf4e4a5181ed37b3de77a87f6d7b2a1d42620cbd",
                "sha256:5d5d46ff5465241e6100f0a023e8afcbd75119f598e94c444246bb7f4cbd23f6",
                "sha256:736f72be15caad8116891eb6aa4a078b590d231fdc63818c40c21624ac71db96",
                "sha256:79226dd2b9fbd63f1b8739b6823bd95b81d502043fd0b81ff8925d55b22f0154",
                "sha256:872c9f47d523489e3fa4a933610bc9fa5fa434a75d9d26dc01df4b433f2f8b98",
                "sha256:93081f9c87fa520447a191152c7d89cf687c5c8e6fef06493ba809e3196ca35e",
                "sha256:9374c9399c1d8479b2b93295abf5997ebaa6d9c5e21a3dc03d1c18b61247cfae",
                "sha256:9e32fb013ff5b7bd06b1899fe027d46d5b4b2e684ff9159146841bfaaa6b3866",
                "sha256:a61a7a4286d8fc450a32a148fced8d3ac71fa55afd922a4043e13cb86eb6d797",
                "sha256:b3d66246c9b41e495ca02a7c33f6ca415febd06e1e9e1cc5842592881c327987",
                "sha256:bd9f07e9aef9ff12f3a07d0a084001e983f4c32ea5b1143e1804762a58d22271",
                "sha256:d1cb088a961cf093b73c7b9460fa43a3afff385c1f1bc306fc3b8819819c2d24",
                "sha256:dda7051dad02da2f36be48d68ca500d31fcd8c8fce3986183d48b02637f2f985",
                "sha256:e54ca8cdd70079e7a3e2c061ef3703b2a43159462c1dbd17c11f3ea1fb3601e7",
                "sha256:e66a62e84cdea052a17a5e2a896cd79a9a53ec570681f3bc32d012863e02acb0",
                "sha256:ef4945f9c9e32e68669109e2b009becc71f3ca57b9de79b604b820ca8de2b85c"
            ],
            "version": "==3.8.0"
        },
        "mako": {
            "hashes": [
                "sha256:17831f0b7087c313c0ffae2bcbbd3c1d5ba9eeac9c38f2eb7b50e8c99fe9d5ab",
                "sha256:aea166356da44b9b830c8023cd9b557fa856bd8b4035d6de771ca027dfc5cc6e"
            ],
            "version": "==1.1.4"
        },
        "markdown": {
            "hashes": [
                "sha256:9ba587db9daee7ec761cfc656272be6aabe2ed300fece21208e4aab2e457bc8f",
                "sha256:a856869c7ff079ad84a3e19cd87a64998350c2b94e9e08e44270faef33400f81"
            ],
            "version": "==2.6.11"
        },
        "markupsafe": {
            "hashes": [
                "sha256:00bc623926325b26bb9605ae9eae8a215691f33cae5df11ca5424f06f2d1f473",
                "sha256:09027a7803a62ca78792ad89403b1b7a73a01c8cb65909cd876f7fcebd79b161",
                "sha256:09c4b7f37d6c648cb13f9230d847adf22f8171b1ccc4d5682398e77f40309235",
                "sha256:1027c282dad077d0bae18be6794e6b6b8c91d58ed8a8d89a89d59693b9131db5",
                "sha256:13d3144e1e340870b25e7b10b98d779608c02016d5184cfb9927a9f10c689f42",
                "sha256:195d7d2c4fbb0ee8139a6cf67194f3973a6b3042d742ebe0a9ed36d8b6f0c07f",
                "sha256:22c178a091fc6630d0d045bdb5992d2dfe14e3259760e713c490da5323866c39",
                "sha256:24982cc2533820871eba85ba648cd53d8623687ff11cbb805be4ff7b4c971aff",
                "sha256:29872e92839765e546828bb7754a68c418d927cd064fd4708fab9fe9c8bb116b",
                "sha256:2beec1e0de6924ea551859edb9e7679da6e4870d32cb766240ce17e0a0ba2014",
                "sha256:3b8a6499709d29c2e2399569d96719a1b21dcd94410a586a18526b143ec8470f",
                "sha256:43a55c2930bbc139570ac2452adf3d70cdbb3cfe5912c71cdce1c2c6bbd9c5d1",
                "sha256:46c99d2de99945ec5cb54f23c8cd5689f6d7177305ebff350a58ce5f8de1669e",
                "sha256:500d4957e52ddc3351cabf489e79c91c17f6e0899158447047588650b5e69183",
                "sha256:535f6fc4d397c1563d08b88e485c3496cf5784e927af890fb3c3aac7f933ec66",
                "sha256:596510de112c685489095da617b5bcbbac7dd6384aeebeda4df6025d0256a81b",
                "sha256:62fe6c95e3ec8a7fad637b7f3d372c15ec1caa01ab47926cfdf7a75b40e0eac1",
                "sha256:6788b695d50a51edb699cb55e35487e430fa21f1ed838122d722e0ff0ac5ba15",
                "sha256:6dd73240d2af64df90aa7c4e7481e23825ea70af4b4922f8ede5b9e35f78a3b1",
                "sha256:6f1e273a344928347c1290119b493a1f0303c52f5a5eae5f16d74f48c15d4a85",
                "sha256:6fffc775d90dcc9aed1b89219549b329a9250d918fd0b8fa8d93d154918422e1",
                "sha256:717ba8fe3ae9cc0006d7c451f0bb265ee07739daf76355d06366154ee68d221e",
                "sha256:79855e1c5b8da654cf486b830bd42c06e8780cea587384cf6545b7d9ac013a0b",
                "sha256:7c1699dfe0cf8ff607dbdcc1e9b9af1755371f92a68f706051cc8c37d447c905",
                "sha256:7fed13866cf14bba33e7176717346713881f56d9d2bcebab207f7a036f41b850",
                "sha256:84dee80c15f1b560d55bcfe6d47b27d070b4681c699c572af2e3c7cc90a3b8e0",
                "sha256:88e5fcfb52ee7b911e8bb6d6aa2fd21fbecc674eadd44118a9cc3863f938e735",
                "sha256:8defac2f2ccd6805ebf65f5eeb132adcf2ab57aa11fdf4c0dd5169a004710e7d",
                "sha256:98bae9582248d6cf62321dcb52aaf5d9adf0bad3b40582925ef7c7f0ed85fceb",
                "sha256:98c7086708b163d425c67c7a91bad6e466bb99d797aa64f965e9d25c12111a5e",
                "sha256:9add70b36c5666a2ed02b43b335fe19002ee5235efd4b8a89bfcf9005bebac0d",
                "sha256:9bf40443012702a1d2070043cb6291650a0841ece432556f784f004937f0f32c",
                "sha256:a6a744282b7718a2a62d2ed9d993cad6f5f585605ad352c11de459f4108df0a1",
                "sha256:acf08ac40292838b3cbbb06cfe9b2cb9ec78fce8baca31ddb87aaac2e2dc3bc2",
                "sha256:ade5e387d2ad0d7ebf59146cc00c8044acbd863725f887353a10df825fc8ae21",
                "sha256:b00c1de48212e4cc9603895652c5c410df699856a2853135b3967591e4beebc2",
                "sha256:b1282f8c00509d99fef04d8ba936b156d419be841854fe901d8ae224c59f0be5",
                "sha256:b1dba4527182c95a0db8b6060cc98ac49b9e2f5e64320e2b56e47cb2831978c7",
                "sha256:b2051432115498d3562c084a49bba65d97cf251f5a331c64a12ee7e04dacc51b",
                "sha256:b7d644ddb4dbd407d31ffb699f1d140bc35478da613b441c582aeb7c43838dd8",
                "sha256:ba59edeaa2fc6114428f1637ffff42da1e311e29382d81b339c1817d37ec93c6",
                "sha256:bf5aa3cbcfdf57fa2ee9cd1822c862ef23037f5c832ad09cfea57fa846dec193",
                "sha256:c8716a48d94b06bb3b2524c2b77e055fb313aeb4ea620c8dd03a105574ba704f",
                "sha256:caabedc8323f1e93231b52fc32bdcde6db817623d33e100708d9a68e1f53b26b",
                "sha256:cd5df75523866410809ca100dc9681e301e3c27567cf498077e8551b6d20e42f",
                "sha256:cdb132fc825c38e1aeec2c8aa9338310d29d337bebbd7baa06889d09a60a1fa2",
                "sha256:d53bc011414228441014aa71dbec320c66468c1030aae3a6e29778a3382d96e5",
                "sha256:d73a845f227b0bfe8a7455ee623525ee656a9e2e749e4742706d80a6065d5e2c",
                "sha256:d9be0ba6c527163cbed5e0857c451fcd092ce83947944d6c14bc95441203f032",
                "sha256:e249096428b3ae81b08327a63a485ad0878de3fb939049038579ac0ef61e17e7",
                "sha256:e8313f01ba26fbbe36c7be1966a7b7424942f670f38e666995b88d012765b9be",
                "sha256:feb7b34d6325451ef96bc0e36e1a6c0c1c64bc1fbec4b854f4529e51887b1621"
            ],
            "version": "==1.1.1"
        },
        "natsort": {
            "hashes": [
                "sha256:c5944ffd2343141fa5679b17991c398e15105f3b35bb11beefe66c67e08289d5",
                "sha256:daae7b2e22ef21305bf6921e49f6ad25d0e29f924e96e3bb447449e11446c726"
            ],
            "version": "==6.2.1"
        },
        "numpy": {
            "hashes": [
                "sha256:08bf4f66f190822f4642e036accde8da810b87fffc0b9409e7a00d9e54760099",
                "sha256:1680c8d5086a88d293dfd1a10b6429a09140cacee878034fa2308472ec835db4",
                "sha256:23cad5e5858dfb73c0e5bce03fe78e5e5908c22263156c58d4afdbb240683c6c",
                "sha256:345b1748e6b0d4773a518868c783b16fdc33a22683bdb863484cd29fe8d206e6",
                "sha256:34e6bb44e3d9a663f903b8c297ede865b4dff039aa43cc9a0b249e02c27f1396",
                "sha256:390f6e14a8d73591f086680464aa101a9be9187d0c633f48c98b429b31b712c2",
                "sha256:3f423b06bf67cd1dbf72e13e9b53a9ca71972e5abf712ee6cb5d8cbb178fff02",
                "sha256:55cae40d2024c56e7b79fb070106cb4289dcc6b55c62dba1d89a6944448c6a53",
                "sha256:60c56922c9d759d664078fbef94132377ef1498ab27dd3d0cc7a21b346e68c06",
                "sha256:6b1853364775edb85ceb0f7f8214d9e993d4d1d9bd3310eae80529ea14ba2ba6",
                "sha256:77399828d96cca386bfba453025c34f22569909d90332b961d3d4341cdb46a84",
                "sha256:7a5a1f49a643aa1ab3e0579da0a48b8a48ea4369eb63c5065459d0a37f430237",
                "sha256:817eed5a6ec2fc9c1a0ee3fbf9a441c66b6766383580513ccbdf3121acc0b4fb",
                "sha256:97ddfa7688295d460ee48a4d76337e9fdd2506d9d1d0eee7f0348b42b430da4c",
                "sha256:9bb690692f3101583b0b99f3be362742e4f8ebe6c7934fa36cd8ca2b567a0bcc",
                "sha256:a1772dc227e3e415eeaa646d25690dc854bddc3d626e454c7c27acba060cb900",
                "sha256:a1ffc9c770ccc2be9284310a3726c918b26ca19b34c0079e7a41aba950ab175f",
                "sha256:a4383edb1b8caa989c3541a37ef204916322c503b8eeacc7ee8f4ba24cac97b8",
                "sha256:b9e334568ca1bf56598eddfac6db6a75bcf1c91aa90d598648f21e45207daeae",
                "sha256:c9fb4fcfcdcaccfe2c4e1f9e0133ed59df5df2aa3655f3d391887e892b0a784c",
                "sha256:d3c5377c6122de876e695937ef41ffee5d2831154c5e4856481b93406cdfeecb",
                "sha256:d759ca1b76ac6f6b6159fb74984126035feb1dee9f68b4b961889b6dc090f33a",
                "sha256:e5cf3fdf13401885e8eea8170624ec96225e2174eb0c611c6f26dd33b489e3ff"
            ],
            "version": "==1.16.6"
        },
        "ordereddict": {
            "hashes": [
                "sha256:1c35b4ac206cef2d24816c89f89cf289dd3d38cf7c449bb3fab7bf6d43f01b1f"
            ],
            "version": "==1.1"
        },
        "pandas": {
            "hashes": [
                "sha256:071e42b89b57baa17031af8c6b6bbd2e9a5c68c595bc6bf9adabd7a9ed125d3b",
                "sha256:17450e25ae69e2e6b303817bdf26b2cd57f69595d8550a77c308be0cd0fd58fa",
                "sha256:17916d818592c9ec891cbef2e90f98cc85e0f1e89ed0924c9b5220dc3209c846",
                "sha256:2538f099ab0e9f9c9d09bbcd94b47fd889bad06dc7ae96b1ed583f1dc1a7a822",
                "sha256:366f30710172cb45a6b4f43b66c220653b1ea50303fbbd94e50571637ffb9167",
                "sha256:42e5ad741a0d09232efbc7fc648226ed93306551772fc8aecc6dce9f0e676794",
                "sha256:4e718e7f395ba5bfe8b6f6aaf2ff1c65a09bb77a36af6394621434e7cc813204",
                "sha256:4f919f409c433577a501e023943e582c57355d50a724c589e78bc1d551a535a2",
                "sha256:4fe0d7e6438212e839fc5010c78b822664f1a824c0d263fd858f44131d9166e2",
                "sha256:5149a6db3e74f23dc3f5a216c2c9ae2e12920aa2d4a5b77e44e5b804a5f93248",
                "sha256:627594338d6dd995cfc0bacd8e654cd9e1252d2a7c959449228df6740d737eb8",
                "sha256:83c702615052f2a0a7fb1dd289726e29ec87a27272d775cb77affe749cca28f8",
                "sha256:8c872f7fdf3018b7891e1e3e86c55b190e6c5cee70cab771e8f246c855001296",
                "sha256:90f116086063934afd51e61a802a943826d2aac572b2f7d55caaac51c13db5b5",
                "sha256:a3352bacac12e1fc646213b998bce586f965c9d431773d9e91db27c7c48a1f7d",
                "sha256:bcdd06007cca02d51350f96debe51331dec429ac8f93930a43eb8fb5639e3eb5",
                "sha256:c1bd07ebc15285535f61ddd8c0c75d0d6293e80e1ee6d9a8d73f3f36954342d0",
                "sha256:c9a4b7c55115eb278c19aa14b34fcf5920c8fe7797a09b7b053ddd6195ea89b3",
                "sha256:cc8fc0c7a8d5951dc738f1c1447f71c43734244453616f32b8aa0ef6013a5dfb",
                "sha256:d7b460bc316064540ce0c41c1438c416a40746fd8a4fb2999668bf18f3c4acf1"
            ],
            "version": "==0.24.2"
        },
        "pathlib2": {
            "hashes": [
                "sha256:0ec8205a157c80d7acc301c0b18fbd5d44fe655968f5d947b6ecef5290fc35db",
                "sha256:6cd9a47b597b37cc57de1c05e56fb1a1c9cc9fab04fe78c29acd090418529868"
            ],
            "markers": "python_version < '3'",
            "version": "==2.3.5"
        },
        "psutil": {
            "hashes": [
                "sha256:10fbb631142a3200623f4ab49f8bf82c32b79b8fe179f6056d01da3dfc589da1",
                "sha256:15aba78f0262d7839702913f5d2ce1e97c89e31456bb26da1a5f9f7d7fe6d336",
                "sha256:1c37e6428f7fe3aeea607f9249986d9bb933bb98133c7919837fd9aac4996b07",
                "sha256:69e30d789c495b781f7cd47c13ee64452c58abfc7132d6dd1b389af312a78239",
                "sha256:7481f299ae0e966a10cb8dd93a327efd8f51995d9bdc8810dcc65d3b12d856ee",
                "sha256:c2b0d8d1d8b5669b9884d0dd49ccb4094d163858d672d3d13a3fa817bc8a3197",
                "sha256:d96d31d83781c7f3d0df8ccb1cc50650ca84d4722c5070b71ce8f1cc112e02e0",
                "sha256:e423dd9cb12256c742d1d56ec38bc7d2a7fa09287c82c41e475e68b9f932c2af",
                "sha256:e44d6b758a96539e3e02336430d3f85263d43c470c5bad93572e9b6a86c67f76"
            ],
            "version": "==4.4.2"
        },
        "pygments": {
            "hashes": [
                "sha256:2a3fe295e54a20164a9df49c75fa58526d3be48e14aceba6d6b1e8ac0bfd6f1b",
                "sha256:98c8aa5a9f778fcd1026a17361ddaf7330d1b7c62ae97c3bb0ae73e0b9b6b0fe"
            ],
            "version": "==2.5.2"
        },
        "python-daemon": {
            "hashes": [
                "sha256:261c859be5c12ae7d4286dc6951e87e9e1a70a882a8b41fd926efc1ec4214f73",
                "sha256:53da55aec3bb67b576e13a8091a2181f99b395c2eec32a5a0d91d347a5c420a7"
            ],
            "version": "==2.1.2"
        },
        "python-dateutil": {
            "hashes": [
                "sha256:73ebfe9dbf22e832286dafa60473e4cd239f8592f699aa5adaf10050e6e1823c",
                "sha256:75bb3f31ea686f1197762692a9ee6a7550b59fc6ca3a1f4b5d7e32fb98e2da2a"
            ],
            "version": "==2.8.1"
        },
        "python-editor": {
            "hashes": [
                "sha256:1bf6e860a8ad52a14c3ee1252d5dc25b2030618ed80c022598f00176adc8367d",
                "sha256:51fda6bcc5ddbbb7063b2af7509e43bd84bfc32a4ff71349ec7847713882327b",
                "sha256:5f98b069316ea1c2ed3f67e7f5df6c0d8f10b689964a4a811ff64f0106819ec8"
            ],
            "version": "==1.0.4"
        },
        "python-nvd3": {
            "hashes": [
                "sha256:86ca51a9526ced2ebe8faff999b0660755f51f2d00af7871efba9b777470ae95"
            ],
            "version": "==0.14.2"
        },
        "python-slugify": {
            "hashes": [
                "sha256:e674f0d45eaeb5c47b7d4771319889a39b15ee87aa62c3b2fcc33cf34e94fc98"
            ],
            "version": "==1.1.4"
        },
        "pytz": {
            "hashes": [
                "sha256:83a4a90894bf38e243cf052c8b58f381bfe9a7a483f6a9cab140bc7f702ac4da",
                "sha256:eb10ce3e7736052ed3623d49975ce333bcd712c7bb19a58b9e2089d4057d0798"
            ],
            "version": "==2021.1"
        },
        "pyyaml": {
            "hashes": [
                "sha256:02c78d77281d8f8d07a255e57abdbf43b02257f59f50cc6b636937d68efa5dd0",
                "sha256:0dc9f2eb2e3c97640928dec63fd8dc1dd91e6b6ed236bd5ac00332b99b5c2ff9",
                "sha256:124fd7c7bc1e95b1eafc60825f2daf67c73ce7b33f1194731240d24b0d1bf628",
                "sha256:26fcb33776857f4072601502d93e1a619f166c9c00befb52826e7b774efaa9db",
                "sha256:31ba07c54ef4a897758563e3a0fcc60077698df10180abe4b8165d9895c00ebf",
                "sha256:3c49e39ac034fd64fd576d63bb4db53cda89b362768a67f07749d55f128ac18a",
                "sha256:52bf0930903818e600ae6c2901f748bc4869c0c406056f679ab9614e5d21a166",
                "sha256:5a3f345acff76cad4aa9cb171ee76c590f37394186325d53d1aa25318b0d4a09",
                "sha256:5e7ac4e0e79a53451dc2814f6876c2fa6f71452de1498bbe29c0b54b69a986f4",
                "sha256:7242790ab6c20316b8e7bb545be48d7ed36e26bbe279fd56f2c4a12510e60b4b",
                "sha256:737bd70e454a284d456aa1fa71a0b429dd527bcbf52c5c33f7c8eee81ac16b89",
                "sha256:8635d53223b1f561b081ff4adecb828fd484b8efffe542edcfdff471997f7c39",
                "sha256:8b818b6c5a920cbe4203b5a6b14256f0e5244338244560da89b7b0f1313ea4b6",
                "sha256:8bf38641b4713d77da19e91f8b5296b832e4db87338d6aeffe422d42f1ca896d",
                "sha256:a36a48a51e5471513a5aea920cdad84cbd56d70a5057cca3499a637496ea379c",
                "sha256:b2243dd033fd02c01212ad5c601dafb44fbb293065f430b0d3dbf03f3254d615",
                "sha256:cc547d3ead3754712223abb7b403f0a184e4c3eae18c9bb7fd15adef1597cc4b",
                "sha256:cc552b6434b90d9dbed6a4f13339625dc466fd82597119897e9489c953acbc22",
                "sha256:f3790156c606299ff499ec44db422f66f05a7363b39eb9d5b064f17bd7d7c47b",
                "sha256:f7a21e3d99aa3095ef0553e7ceba36fb693998fbb1226f1392ce33681047465f",
                "sha256:fdc6b2cb4b19e431994f25a9160695cc59a4e861710cc6fc97161c5e845fc579"
            ],
            "index": "pypi",
            "version": "==5.4"
        },
        "requests": {
            "hashes": [
                "sha256:27973dd4a904a4f13b263a19c866c13b92a39ed1c964655f025f3f8d3d75b804",
                "sha256:c210084e36a42ae6b9219e00e48287def368a26d03a048ddad7bfee44f75871e"
            ],
            "version": "==2.25.1"
        },
        "scandir": {
            "hashes": [
                "sha256:2586c94e907d99617887daed6c1d102b5ca28f1085f90446554abf1faf73123e",
                "sha256:2ae41f43797ca0c11591c0c35f2f5875fa99f8797cb1a1fd440497ec0ae4b022",
                "sha256:2b8e3888b11abb2217a32af0766bc06b65cc4a928d8727828ee68af5a967fa6f",
                "sha256:2c712840c2e2ee8dfaf36034080108d30060d759c7b73a01a52251cc8989f11f",
                "sha256:4d4631f6062e658e9007ab3149a9b914f3548cb38bfb021c64f39a025ce578ae",
                "sha256:67f15b6f83e6507fdc6fca22fedf6ef8b334b399ca27c6b568cbfaa82a364173",
                "sha256:7d2d7a06a252764061a020407b997dd036f7bd6a175a5ba2b345f0a357f0b3f4",
                "sha256:8c5922863e44ffc00c5c693190648daa6d15e7c1207ed02d6f46a8dcc2869d32",
                "sha256:92c85ac42f41ffdc35b6da57ed991575bdbe69db895507af88b9f499b701c188",
                "sha256:b24086f2375c4a094a6b51e78b4cf7ca16c721dcee2eddd7aa6494b42d6d519d",
                "sha256:cb925555f43060a1745d0a321cca94bcea927c50114b623d73179189a4e100ac"
            ],
            "markers": "python_version < '3.5'",
            "version": "==1.10.0"
        },
        "setproctitle": {
            "hashes": [
                "sha256:6283b7a58477dd8478fbb9e76defb37968ee4ba47b05ec1c053cb39638bd7398",
                "sha256:6a035eddac62898786aed2c2eee7334c28cfc8106e8eb29fdd117cac56c6cdf0"
            ],
            "version": "==1.1.10"
        },
        "six": {
            "hashes": [
                "sha256:30639c035cdb23534cd4aa2dd52c3bf48f06e5f4a941509c8bafd8ce11080259",
                "sha256:8b74bedcbbbaca38ff6d7491d76f2b06b3592611af620f8426e82dddb04a5ced"
            ],
            "version": "==1.15.0"
        },
        "smmap": {
            "hashes": [
                "sha256:7bfcf367828031dc893530a29cb35eb8c8f2d7c8f2d0989354d75d24c8573714",
                "sha256:84c2751ef3072d4f6b2785ec7ee40244c6f45eb934d9e543e2c51f1bd3d54c50"
            ],
            "version": "==3.0.5"
        },
        "smmap2": {
            "hashes": [
                "sha256:0cb6ea470b1ad9a65a02ca7f4c7ae601861f7dd24a43812ca51cfca2892bb524",
                "sha256:44cc8bdaf96442dbb9a8e2e14377d074b3d0eea292eee3c95c8c449b6c92c557"
            ],
            "version": "==3.0.1"
        },
        "sqlalchemy": {
            "hashes": [
                "sha256:06125670280111e39014af87f14d74599fd4b39a512c74f1a10e21e5626eb158",
                "sha256:09b08eb1bea621e47c2b0fcb0334fcbb00e1da2a3c2d45a98e56cd072b840719",
                "sha256:0abab6d1044198993256f073340b14c459736777c550a7e914cd00444dcf9c30",
                "sha256:0bb04fd7414718fb1f4dfa17efcb0be787363451cf99a5e992728925d298d9ae",
                "sha256:1b9f3c7b281aa1c3d0c74ef12c4633e5f8358bb94f01be7b964887183fd53e5e",
                "sha256:1ba6922331b3f38e116c9266206b044baf64576e5cebd87917b5ad872d7a025f",
                "sha256:3b290ff34de625143a05d2d172a88a064bb04a7938265b09d4e4bf45f21948f6",
                "sha256:3fa75c854dba3f9b9c28bc5d88d246f6bc6f20b7480367c65339bcb2864d4707",
                "sha256:4d1447183356c9679853926e81c7ebce3fbca9b1c607ea439975298c72137a36",
                "sha256:4e88549a5e58ba8c80c5ea071ac3b4e590236672a882bb80f56da4afcee45d96",
                "sha256:5289cafee71037f15feeeaf736f01910b9e3572525b73b201bdd21816db010ed",
                "sha256:59ec279f1bd55e1d703e3d4b651600cc463cc3eafa8d8e5a70ab844f736348d4",
                "sha256:5fb8f6a391992dd6aafe4fdf1dffbf7934fba1f5938593f20b152aa7f9619f82",
                "sha256:65c4df9517da9cce2c1255282d3e39f2afbc3a02deba60d99b0a3283ae80ec0b",
                "sha256:6a8e4c2e65028933a6dc8643c8f5a4f295a367131195b3c708634925cb3e8ec1",
                "sha256:6d6115edf1297bfa58994986ffe0dff21af18f0cba51dfa6d1769aa8a277be32",
                "sha256:6e517126d3bc13d455826befdc35a89f82f01d163848f68db02caa80d25433fc",
                "sha256:7e1b0ed6d720750f02333d2f52502dfc2a23185aacc2cc6ce6ec29d28c21397c",
                "sha256:7eba42098a13a3bcd509080b5e44d73783d9129ba0383793979bf518d01e8bb3",
                "sha256:8383292298bb85d7ad79a13c6571aff213b96c49737f3c3af129de63bbfb42c9",
                "sha256:8cfcfcf2582b19c874fa20d0b75100abe17be80a4c637c0683b4eb919946dfee",
                "sha256:920db115eb06fc507fe2c774fb5c82a898b05dffbdadc7fafad51ce2cfd8c549",
                "sha256:9406b96a979ab8d6de5d89f58b1f103c9aeef6fb5367448537a8228619f11258",
                "sha256:97e333260a99d989f2a131aa8aa74140636dfbd030987150cb3748da607ea7db",
                "sha256:a6b4b7688fe7d251bbae3f9da4a487568bd584d13201bc7591c8639ad01fecdc",
                "sha256:aed22be55a608787bb6875dbcf3561349a0e88fe33fd88c318c1e5b4eeb2306a",
                "sha256:c6197c88ad53c31f58de5a8180936b8ef027356e788cd5f6514b3439d3d897ac",
                "sha256:d3b2819f4d7ae56191efc6fc456eb1805ada2bd5ba93d918893bc24fa7a1e30c",
                "sha256:da72e3499bde4548e8b7d7f2ab23ceed09a5bac307bf51057e066c406a0ba2e1",
                "sha256:dcde5067a7dab1ff2eaea2f3622b2055c5225ce2aaf589c5a4c703d43519c4ba",
                "sha256:e1692bdf1b95c97caab1201773a4576f59627997f598d30bdadc50dd9f897fec",
                "sha256:edec945ed57d11a1123657e4066f0bf747aaa93c8a65ec1c2c98172d1f2a9b7d",
                "sha256:facacaea95e0822f7bbeaa6909b30b2836b14cff8790209d52a0c866e240b673",
                "sha256:ff76d7dbf33f62e30e5a1d1b095d46afcdc49e42cbe33ce12014110147466700"
            ],
            "version": "==1.4.2"
        },
        "tabulate": {
            "hashes": [
                "sha256:1f07f6252b20cdc4ed744b598b5fa8362638988b50a62f3e2ad76c97fc02eef2",
                "sha256:83a0b8e17c09f012090a50e1e97ae897300a72b35e0c86c0b53d3bd2ae86d8c6"
            ],
            "version": "==0.7.7"
        },
        "thrift": {
            "hashes": [
                "sha256:9af1c86bf73433afc6010ed376a6c6aca2b54099cc0d61895f640870a9ae7d89"
            ],
            "version": "==0.13.0"
        },
        "unidecode": {
            "hashes": [
                "sha256:12435ef2fc4cdfd9cf1035a1db7e98b6b047fe591892e81f34e94959591fad00",
                "sha256:8d73a97d387a956922344f6b74243c2c6771594659778744b2dbdaad8f6b727d"
            ],
            "version": "==1.2.0"
        },
        "urllib3": {
            "hashes": [
                "sha256:2f4da4594db7e1e110a944bb1b551fdf4e6c136ad42e4234131391e21eb5b0df",
                "sha256:e7b021f7241115872f92f43c6508082facffbd1c048e3c6e2bb9c2a157e28937"
            ],
            "version": "==1.26.4"
        },
        "webencodings": {
            "hashes": [
                "sha256:a0af1213f3c2226497a97e2b3aa01a7e4bee4f403f95be16fc9acd2947514a78",
                "sha256:b36a1c245f2d304965eb4e0a82848379241dc04b865afcc4aab16748587e1923"
            ],
            "version": "==0.5.1"
        },
        "werkzeug": {
            "hashes": [
                "sha256:2de2a5db0baeae7b2d2664949077c2ac63fbd16d98da0ff71837f7d1dea3fd43",
                "sha256:6c80b1e5ad3665290ea39320b91e1be1e0d5f60652b964a3070216de83d2e47c"
            ],
            "version": "==1.0.1"
        },
        "wtforms": {
            "hashes": [
                "sha256:7b504fc724d0d1d4d5d5c114e778ec88c37ea53144683e084215eed5155ada4c",
                "sha256:81195de0ac94fbc8368abbaf9197b88c4f3ffd6c2719b5bf5fc9da744f3d829c"
            ],
            "version": "==2.3.3"
        },
        "zipp": {
            "hashes": [
                "sha256:c70410551488251b0fee67b460fb9a536af8d6f9f008ad10ac51f615b6a521b1",
                "sha256:e0d9e63797e483a30d27e09fffd308c59a700d365ec34e93cc100844168bf921"
            ],
            "version": "==1.2.0"
        },
        "zope.deprecation": {
            "hashes": [
                "sha256:0d453338f04bacf91bbfba545d8bcdf529aa829e67b705eac8c1a7fdce66e2df",
                "sha256:f1480b74995958b24ce37b0ef04d3663d2683e5d6debc96726eff18acf4ea113"
            ],
            "version": "==4.4.0"
        }
    },
    "develop": {
        "backports.functools-lru-cache": {
            "hashes": [
                "sha256:d84e126e2a29e4fde8931ff8131240bbf30a0e7dbcc3897a8dbd8ea5ac11419c",
                "sha256:dfec6b43aa1a17dc9b3c6639738a4e48c5ac7555d897d376317ea4bcc32da54a"
            ],
            "markers": "python_version < '3.2'",
            "version": "==1.6.3"
        },
        "backports.shutil-get-terminal-size": {
            "hashes": [
                "sha256:0975ba55054c15e346944b38956a4c9cbee9009391e41b86c68990effb8c1f64",
                "sha256:713e7a8228ae80341c70586d1cc0a8caa5207346927e23d09dcbcaf18eadec80"
            ],
            "markers": "python_version == '2.7'",
            "version": "==1.0.0"
        },
        "decorator": {
            "hashes": [
                "sha256:41fa54c2a0cc4ba648be4fd43cff00aedf5b9465c9bf18d64325bc225f08f760",
                "sha256:e3a62f0520172440ca0dcc823749319382e377f37f140a0b99ef45fecb84bfe7"
            ],
            "version": "==4.4.2"
        },
        "enum34": {
            "hashes": [
                "sha256:a98a201d6de3f2ab3db284e70a33b0f896fbf35f8086594e8c9e74b909058d53",
                "sha256:c3858660960c984d6ab0ebad691265180da2b43f07e061c0f8dca9ef3cffd328",
                "sha256:cce6a7477ed816bd2542d03d53db9f0db935dd013b70f336a95c73979289f248"
            ],
            "markers": "python_version == '2.7'",
            "version": "==1.1.10"
        },
        "ipython": {
            "hashes": [
                "sha256:185ef2093dbac6d7250fe9ed4d4dd0f18f10d0a6ac6169f3eeb2ff0663d96b92",
                "sha256:578e2f3d779ed130a3cfefc09b2eb965a81457f6a31a25cd38e0bab622d4777d",
                "sha256:66469e894d1f09d14a1f23b971a410af131daa9ad2a19922082e02e0ddfd150f"
            ],
            "index": "pypi",
            "version": "==5.5.0"
        },
        "ipython-genutils": {
            "hashes": [
                "sha256:72dd37233799e619666c9f639a9da83c34013a73e8bbc79a7a6348d93c61fab8",
                "sha256:eb2e116e75ecef9d4d228fdc66af54269afa26ab4463042e33785b887c628ba8"
            ],
            "version": "==0.2.0"
        },
        "pathlib2": {
            "hashes": [
                "sha256:0ec8205a157c80d7acc301c0b18fbd5d44fe655968f5d947b6ecef5290fc35db",
                "sha256:6cd9a47b597b37cc57de1c05e56fb1a1c9cc9fab04fe78c29acd090418529868"
            ],
            "markers": "python_version < '3'",
            "version": "==2.3.5"
        },
        "pexpect": {
            "hashes": [
                "sha256:0b48a55dcb3c05f3329815901ea4fc1537514d6ba867a152b581d69ae3710937",
                "sha256:fc65a43959d153d0114afe13997d439c22823a27cefceb5ff35c2178c6784c0c"
            ],
            "markers": "sys_platform != 'win32'",
            "version": "==4.8.0"
        },
        "pickleshare": {
            "hashes": [
                "sha256:87683d47965c1da65cdacaf31c8441d12b8044cdec9aca500cd78fc2c683afca",
                "sha256:9649af414d74d4df115d5d718f82acb59c9d418196b7b4290ed47a12ce62df56"
            ],
            "version": "==0.7.5"
        },
        "prompt-toolkit": {
            "hashes": [
                "sha256:37925b37a4af1f6448c76b7606e0285f79f434ad246dda007a27411cca730c6d",
                "sha256:dd4fca02c8069497ad931a2d09914c6b0d1b50151ce876bc15bde4c747090126",
                "sha256:f7eec66105baf40eda9ab026cd8b2e251337eea8d111196695d82e0c5f0af852"
            ],
            "version": "==1.0.18"
        },
        "ptyprocess": {
            "hashes": [
                "sha256:4b41f3967fce3af57cc7e94b888626c18bf37a083e3651ca8feeb66d492fef35",
                "sha256:5c5d0a3b48ceee0b48485e0c26037c0acd7d29765ca3fbb5cb3831d347423220"
            ],
            "version": "==0.7.0"
        },
        "pygments": {
            "hashes": [
                "sha256:2a3fe295e54a20164a9df49c75fa58526d3be48e14aceba6d6b1e8ac0bfd6f1b",
                "sha256:98c8aa5a9f778fcd1026a17361ddaf7330d1b7c62ae97c3bb0ae73e0b9b6b0fe"
            ],
            "version": "==2.5.2"
        },
        "scandir": {
            "hashes": [
                "sha256:2586c94e907d99617887daed6c1d102b5ca28f1085f90446554abf1faf73123e",
                "sha256:2ae41f43797ca0c11591c0c35f2f5875fa99f8797cb1a1fd440497ec0ae4b022",
                "sha256:2b8e3888b11abb2217a32af0766bc06b65cc4a928d8727828ee68af5a967fa6f",
                "sha256:2c712840c2e2ee8dfaf36034080108d30060d759c7b73a01a52251cc8989f11f",
                "sha256:4d4631f6062e658e9007ab3149a9b914f3548cb38bfb021c64f39a025ce578ae",
                "sha256:67f15b6f83e6507fdc6fca22fedf6ef8b334b399ca27c6b568cbfaa82a364173",
                "sha256:7d2d7a06a252764061a020407b997dd036f7bd6a175a5ba2b345f0a357f0b3f4",
                "sha256:8c5922863e44ffc00c5c693190648daa6d15e7c1207ed02d6f46a8dcc2869d32",
                "sha256:92c85ac42f41ffdc35b6da57ed991575bdbe69db895507af88b9f499b701c188",
                "sha256:b24086f2375c4a094a6b51e78b4cf7ca16c721dcee2eddd7aa6494b42d6d519d",
                "sha256:cb925555f43060a1745d0a321cca94bcea927c50114b623d73179189a4e100ac"
            ],
            "markers": "python_version < '3.5'",
            "version": "==1.10.0"
        },
        "simplegeneric": {
            "hashes": [
                "sha256:dc972e06094b9af5b855b3df4a646395e43d1c9d0d39ed345b7393560d0b9173"
            ],
            "version": "==0.8.1"
        },
        "six": {
            "hashes": [
                "sha256:30639c035cdb23534cd4aa2dd52c3bf48f06e5f4a941509c8bafd8ce11080259",
                "sha256:8b74bedcbbbaca38ff6d7491d76f2b06b3592611af620f8426e82dddb04a5ced"
            ],
            "version": "==1.15.0"
        },
        "traitlets": {
            "hashes": [
                "sha256:70b4c6a1d9019d7b4f6846832288f86998aa3b9207c6821f3578a6a6a467fe44",
                "sha256:d023ee369ddd2763310e4c3eae1ff649689440d4ae59d7485eb4cfbbe3e359f7"
            ],
            "version": "==4.3.3"
        },
        "wcwidth": {
            "hashes": [
                "sha256:beb4802a9cebb9144e99086eff703a642a13d6a0052920003a230f3294bbe784",
                "sha256:c4d647b99872929fdb7bdcaa4fbe7f01413ed3d98077df798530e5b04f116c83"
            ],
            "version": "==0.2.5"
        }
    }
}
